
Microsoft Visual Studio Solution File, Format Version 12.00
# Visual Studio Version 16
VisualStudioVersion = 16.0.29102.190
MinimumVisualStudioVersion = 10.0.40219.1
Project("{FAE04EC0-301F-11D3-BF4B-00C04F79EFBC}") = "ProAspNetCoreMvcValidation", "ProAspNetCoreMvcValidation.csproj", "{AC255B9B-1E7C-4FAB-8973-A4DFE5712B3A}"
EndProject
Global
	GlobalSection(SolutionConfigurationPlatforms) = preSolution
		Debug|Any CPU = Debug|Any CPU
		Release|Any CPU = Release|Any CPU
	EndGlobalSection
	GlobalSection(ProjectConfigurationPlatforms) = postSolution
		{AC255B9B-1E7C-4FAB-8973-A4DFE5712B3A}.Debug|Any CPU.ActiveCfg = Debug|Any CPU
		{AC255B9B-1E7C-4FAB-8973-A4DFE5712B3A}.Debug|Any CPU.Build.0 = Debug|Any CPU
		{AC255B9B-1E7C-4FAB-8973-A4DFE5712B3A}.Release|Any CPU.ActiveCfg = Release|Any CPU
		{AC255B9B-1E7C-4FAB-8973-A4DFE5712B3A}.Release|Any CPU.Build.0 = Release|Any CPU
	EndGlobalSection
	GlobalSection(SolutionProperties) = preSolution
		HideSolutionNode = FALSE
	EndGlobalSection
	GlobalSection(ExtensibilityGlobals) = postSolution
		SolutionGuid = {F92649E5-A107-4959-A1B2-30A9FBE5E83E}
	EndGlobalSection
EndGlobal
